
Microsoft Visual Studio Solution File, Format Version 12.00
# Visual Studio Version 17
VisualStudioVersion = 17.13.35931.197
MinimumVisualStudioVersion = 10.0.40219.1
Project("{FAE04EC0-301F-11D3-BF4B-00C04F79EFBC}") = "RotaViagem.API", "RotaViagem.API\RotaViagem.API.csproj", "{017DDDBF-5E54-43E2-AFC9-37D5C4B1A166}"
EndProject
Project("{FAE04EC0-301F-11D3-BF4B-00C04F79EFBC}") = "RotaViagem.Application", "RotaViagem.Application\RotaViagem.Application.csproj", "{708BCF09-A0B1-4C73-920C-E7AF067A8346}"
EndProject
Project("{FAE04EC0-301F-11D3-BF4B-00C04F79EFBC}") = "RotaViagem.Domain", "RotaViagem.Domain\RotaViagem.Domain.csproj", "{433ED46B-A37B-41B2-AFD7-DA9FBCFE5289}"
EndProject
Project("{FAE04EC0-301F-11D3-BF4B-00C04F79EFBC}") = "RotaViagem.Infrastructure", "RotaViagem.Infrastructure\RotaViagem.Infrastructure.csproj", "{05ACE284-9863-4806-BA59-3C21929D0561}"
EndProject
Project("{FAE04EC0-301F-11D3-BF4B-00C04F79EFBC}") = "RotaViagem.IoC", "RotaViagem.IoC\RotaViagem.IoC.csproj", "{A53AEF23-7516-43D5-8CAF-FE65AB77E5C8}"
EndProject
Project("{2150E333-8FDC-42A3-9474-1A3956D46DE8}") = "API", "API", "{02EA681E-C7D8-13C7-8484-4AC65E1B71E8}"
EndProject
Project("{2150E333-8FDC-42A3-9474-1A3956D46DE8}") = "Application", "Application", "{4AD0880C-7317-419F-BC03-ECF48778A573}"
EndProject
Project("{2150E333-8FDC-42A3-9474-1A3956D46DE8}") = "Domain", "Domain", "{11C6B36E-EBF4-43DD-ADCB-5B3B1A4260DF}"
EndProject
Project("{2150E333-8FDC-42A3-9474-1A3956D46DE8}") = "Infrastructure", "Infrastructure", "{391D0B94-CCEE-440A-B57A-1C6274562BEE}"
EndProject
Project("{2150E333-8FDC-42A3-9474-1A3956D46DE8}") = "Tests", "Tests", "{42EBD473-6CB8-47E8-ACE0-A25AE29848D8}"
EndProject
Project("{FAE04EC0-301F-11D3-BF4B-00C04F79EFBC}") = "RotaViagem.Tests", "RotaViagem.Tests\RotaViagem.Tests.csproj", "{DB23892D-A00C-4263-B00C-B4C72216857B}"
EndProject
Global
	GlobalSection(SolutionConfigurationPlatforms) = preSolution
		Debug|Any CPU = Debug|Any CPU
		Debug|x64 = Debug|x64
		Debug|x86 = Debug|x86
		Release|Any CPU = Release|Any CPU
		Release|x64 = Release|x64
		Release|x86 = Release|x86
	EndGlobalSection
	GlobalSection(ProjectConfigurationPlatforms) = postSolution
		{017DDDBF-5E54-43E2-AFC9-37D5C4B1A166}.Debug|Any CPU.ActiveCfg = Debug|Any CPU
		{017DDDBF-5E54-43E2-AFC9-37D5C4B1A166}.Debug|Any CPU.Build.0 = Debug|Any CPU
		{017DDDBF-5E54-43E2-AFC9-37D5C4B1A166}.Debug|x64.ActiveCfg = Debug|Any CPU
		{017DDDBF-5E54-43E2-AFC9-37D5C4B1A166}.Debug|x64.Build.0 = Debug|Any CPU
		{017DDDBF-5E54-43E2-AFC9-37D5C4B1A166}.Debug|x86.ActiveCfg = Debug|Any CPU
		{017DDDBF-5E54-43E2-AFC9-37D5C4B1A166}.Debug|x86.Build.0 = Debug|Any CPU
		{017DDDBF-5E54-43E2-AFC9-37D5C4B1A166}.Release|Any CPU.ActiveCfg = Release|Any CPU
		{017DDDBF-5E54-43E2-AFC9-37D5C4B1A166}.Release|Any CPU.Build.0 = Release|Any CPU
		{017DDDBF-5E54-43E2-AFC9-37D5C4B1A166}.Release|x64.ActiveCfg = Release|Any CPU
		{017DDDBF-5E54-43E2-AFC9-37D5C4B1A166}.Release|x64.Build.0 = Release|Any CPU
		{017DDDBF-5E54-43E2-AFC9-37D5C4B1A166}.Release|x86.ActiveCfg = Release|Any CPU
		{017DDDBF-5E54-43E2-AFC9-37D5C4B1A166}.Release|x86.Build.0 = Release|Any CPU
		{708BCF09-A0B1-4C73-920C-E7AF067A8346}.Debug|Any CPU.ActiveCfg = Debug|Any CPU
		{708BCF09-A0B1-4C73-920C-E7AF067A8346}.Debug|Any CPU.Build.0 = Debug|Any CPU
		{708BCF09-A0B1-4C73-920C-E7AF067A8346}.Debug|x64.ActiveCfg = Debug|Any CPU
		{708BCF09-A0B1-4C73-920C-E7AF067A8346}.Debug|x64.Build.0 = Debug|Any CPU
		{708BCF09-A0B1-4C73-920C-E7AF067A8346}.Debug|x86.ActiveCfg = Debug|Any CPU
		{708BCF09-A0B1-4C73-920C-E7AF067A8346}.Debug|x86.Build.0 = Debug|Any CPU
		{708BCF09-A0B1-4C73-920C-E7AF067A8346}.Release|Any CPU.ActiveCfg = Release|Any CPU
		{708BCF09-A0B1-4C73-920C-E7AF067A8346}.Release|Any CPU.Build.0 = Release|Any CPU
		{708BCF09-A0B1-4C73-920C-E7AF067A8346}.Release|x64.ActiveCfg = Release|Any CPU
		{708BCF09-A0B1-4C73-920C-E7AF067A8346}.Release|x64.Build.0 = Release|Any CPU
		{708BCF09-A0B1-4C73-920C-E7AF067A8346}.Release|x86.ActiveCfg = Release|Any CPU
		{708BCF09-A0B1-4C73-920C-E7AF067A8346}.Release|x86.Build.0 = Release|Any CPU
		{433ED46B-A37B-41B2-AFD7-DA9FBCFE5289}.Debug|Any CPU.ActiveCfg = Debug|Any CPU
		{433ED46B-A37B-41B2-AFD7-DA9FBCFE5289}.Debug|Any CPU.Build.0 = Debug|Any CPU
		{433ED46B-A37B-41B2-AFD7-DA9FBCFE5289}.Debug|x64.ActiveCfg = Debug|Any CPU
		{433ED46B-A37B-41B2-AFD7-DA9FBCFE5289}.Debug|x64.Build.0 = Debug|Any CPU
		{433ED46B-A37B-41B2-AFD7-DA9FBCFE5289}.Debug|x86.ActiveCfg = Debug|Any CPU
		{433ED46B-A37B-41B2-AFD7-DA9FBCFE5289}.Debug|x86.Build.0 = Debug|Any CPU
		{433ED46B-A37B-41B2-AFD7-DA9FBCFE5289}.Release|Any CPU.ActiveCfg = Release|Any CPU
		{433ED46B-A37B-41B2-AFD7-DA9FBCFE5289}.Release|Any CPU.Build.0 = Release|Any CPU
		{433ED46B-A37B-41B2-AFD7-DA9FBCFE5289}.Release|x64.ActiveCfg = Release|Any CPU
		{433ED46B-A37B-41B2-AFD7-DA9FBCFE5289}.Release|x64.Build.0 = Release|Any CPU
		{433ED46B-A37B-41B2-AFD7-DA9FBCFE5289}.Release|x86.ActiveCfg = Release|Any CPU
		{433ED46B-A37B-41B2-AFD7-DA9FBCFE5289}.Release|x86.Build.0 = Release|Any CPU
		{05ACE284-9863-4806-BA59-3C21929D0561}.Debug|Any CPU.ActiveCfg = Debug|Any CPU
		{05ACE284-9863-4806-BA59-3C21929D0561}.Debug|Any CPU.Build.0 = Debug|Any CPU
		{05ACE284-9863-4806-BA59-3C21929D0561}.Debug|x64.ActiveCfg = Debug|Any CPU
		{05ACE284-9863-4806-BA59-3C21929D0561}.Debug|x64.Build.0 = Debug|Any CPU
		{05ACE284-9863-4806-BA59-3C21929D0561}.Debug|x86.ActiveCfg = Debug|Any CPU
		{05ACE284-9863-4806-BA59-3C21929D0561}.Debug|x86.Build.0 = Debug|Any CPU
		{05ACE284-9863-4806-BA59-3C21929D0561}.Release|Any CPU.ActiveCfg = Release|Any CPU
		{05ACE284-9863-4806-BA59-3C21929D0561}.Release|Any CPU.Build.0 = Release|Any CPU
		{05ACE284-9863-4806-BA59-3C21929D0561}.Release|x64.ActiveCfg = Release|Any CPU
		{05ACE284-9863-4806-BA59-3C21929D0561}.Release|x64.Build.0 = Release|Any CPU
		{05ACE284-9863-4806-BA59-3C21929D0561}.Release|x86.ActiveCfg = Release|Any CPU
		{05ACE284-9863-4806-BA59-3C21929D0561}.Release|x86.Build.0 = Release|Any CPU
		{A53AEF23-7516-43D5-8CAF-FE65AB77E5C8}.Debug|Any CPU.ActiveCfg = Debug|Any CPU
		{A53AEF23-7516-43D5-8CAF-FE65AB77E5C8}.Debug|Any CPU.Build.0 = Debug|Any CPU
		{A53AEF23-7516-43D5-8CAF-FE65AB77E5C8}.Debug|x64.ActiveCfg = Debug|Any CPU
		{A53AEF23-7516-43D5-8CAF-FE65AB77E5C8}.Debug|x64.Build.0 = Debug|Any CPU
		{A53AEF23-7516-43D5-8CAF-FE65AB77E5C8}.Debug|x86.ActiveCfg = Debug|Any CPU
		{A53AEF23-7516-43D5-8CAF-FE65AB77E5C8}.Debug|x86.Build.0 = Debug|Any CPU
		{A53AEF23-7516-43D5-8CAF-FE65AB77E5C8}.Release|Any CPU.ActiveCfg = Release|Any CPU
		{A53AEF23-7516-43D5-8CAF-FE65AB77E5C8}.Release|Any CPU.Build.0 = Release|Any CPU
		{A53AEF23-7516-43D5-8CAF-FE65AB77E5C8}.Release|x64.ActiveCfg = Release|Any CPU
		{A53AEF23-7516-43D5-8CAF-FE65AB77E5C8}.Release|x64.Build.0 = Release|Any CPU
		{A53AEF23-7516-43D5-8CAF-FE65AB77E5C8}.Release|x86.ActiveCfg = Release|Any CPU
		{A53AEF23-7516-43D5-8CAF-FE65AB77E5C8}.Release|x86.Build.0 = Release|Any CPU
		{DB23892D-A00C-4263-B00C-B4C72216857B}.Debug|Any CPU.ActiveCfg = Debug|Any CPU
		{DB23892D-A00C-4263-B00C-B4C72216857B}.Debug|Any CPU.Build.0 = Debug|Any CPU
		{DB23892D-A00C-4263-B00C-B4C72216857B}.Debug|x64.ActiveCfg = Debug|Any CPU
		{DB23892D-A00C-4263-B00C-B4C72216857B}.Debug|x64.Build.0 = Debug|Any CPU
		{DB23892D-A00C-4263-B00C-B4C72216857B}.Debug|x86.ActiveCfg = Debug|Any CPU
		{DB23892D-A00C-4263-B00C-B4C72216857B}.Debug|x86.Build.0 = Debug|Any CPU
		{DB23892D-A00C-4263-B00C-B4C72216857B}.Release|Any CPU.ActiveCfg = Release|Any CPU
		{DB23892D-A00C-4263-B00C-B4C72216857B}.Release|Any CPU.Build.0 = Release|Any CPU
		{DB23892D-A00C-4263-B00C-B4C72216857B}.Release|x64.ActiveCfg = Release|Any CPU
		{DB23892D-A00C-4263-B00C-B4C72216857B}.Release|x64.Build.0 = Release|Any CPU
		{DB23892D-A00C-4263-B00C-B4C72216857B}.Release|x86.ActiveCfg = Release|Any CPU
		{DB23892D-A00C-4263-B00C-B4C72216857B}.Release|x86.Build.0 = Release|Any CPU
	EndGlobalSection
	GlobalSection(SolutionProperties) = preSolution
		HideSolutionNode = FALSE
	EndGlobalSection
	GlobalSection(NestedProjects) = preSolution
		{017DDDBF-5E54-43E2-AFC9-37D5C4B1A166} = {02EA681E-C7D8-13C7-8484-4AC65E1B71E8}
		{708BCF09-A0B1-4C73-920C-E7AF067A8346} = {4AD0880C-7317-419F-BC03-ECF48778A573}
		{433ED46B-A37B-41B2-AFD7-DA9FBCFE5289} = {11C6B36E-EBF4-43DD-ADCB-5B3B1A4260DF}
		{05ACE284-9863-4806-BA59-3C21929D0561} = {391D0B94-CCEE-440A-B57A-1C6274562BEE}
		{A53AEF23-7516-43D5-8CAF-FE65AB77E5C8} = {391D0B94-CCEE-440A-B57A-1C6274562BEE}
		{DB23892D-A00C-4263-B00C-B4C72216857B} = {42EBD473-6CB8-47E8-ACE0-A25AE29848D8}
	EndGlobalSection
	GlobalSection(ExtensibilityGlobals) = postSolution
		SolutionGuid = {57A55DA8-9292-410E-AD88-3D5224CCFCF1}
	EndGlobalSection
EndGlobal
